
Microsoft Visual Studio Solution File, Format Version 12.00
# Visual Studio Version 17
VisualStudioVersion = 17.2.32630.192
MinimumVisualStudioVersion = 10.0.40219.1
Project("{FAE04EC0-301F-11D3-BF4B-00C04F79EFBC}") = "TesteBravi.ListaDeContatos", "TesteBravi.ListaDeContatos\TesteBravi.ListaDeContatos.csproj", "{39076D43-D814-4B18-AF8B-B3DBE3C64BEA}"
EndProject
Global
	GlobalSection(SolutionConfigurationPlatforms) = preSolution
		Debug|Any CPU = Debug|Any CPU
		Release|Any CPU = Release|Any CPU
	EndGlobalSection
	GlobalSection(ProjectConfigurationPlatforms) = postSolution
		{39076D43-D814-4B18-AF8B-B3DBE3C64BEA}.Debug|Any CPU.ActiveCfg = Debug|Any CPU
		{39076D43-D814-4B18-AF8B-B3DBE3C64BEA}.Debug|Any CPU.Build.0 = Debug|Any CPU
		{39076D43-D814-4B18-AF8B-B3DBE3C64BEA}.Release|Any CPU.ActiveCfg = Release|Any CPU
		{39076D43-D814-4B18-AF8B-B3DBE3C64BEA}.Release|Any CPU.Build.0 = Release|Any CPU
	EndGlobalSection
	GlobalSection(SolutionProperties) = preSolution
		HideSolutionNode = FALSE
	EndGlobalSection
	GlobalSection(ExtensibilityGlobals) = postSolution
		SolutionGuid = {0D15121B-D981-4335-95EA-58BCACE2945B}
	EndGlobalSection
EndGlobal
